<?xml version="1.0" encoding="utf-8"?>
<Project ToolsVersion="4.0" xmlns="http://schemas.microsoft.com/developer/msbuild/2003">
  <ItemGroup>
    <Filter Include="src">
      <UniqueIdentifier>{6b5b1364-e9f4-40f1-b374-a2d3e73e2cf5}</UniqueIdentifier>
    </Filter>
    <Filter Include="Dependencies">
      <UniqueIdentifier>{8a6842fe-351a-4d69-ba65-d19d03950103}</UniqueIdentifier>
    </Filter>
    <Filter Include="Dependencies\Bin">
      <UniqueIdentifier>{4e0042b6-5a09-4fa7-a01a-c66483a191d8}</UniqueIdentifier>
    </Filter>
    <Filter Include="Dependencies\Include">
      <UniqueIdentifier>{3aaaa39b-70c7-45b0-9184-0caea8504221}</UniqueIdentifier>
    </Filter>
    <Filter Include="Dependencies\Include\GL">
      <UniqueIdentifier>{4010ec11-59e9-473a-b572-d9c391be2617}</UniqueIdentifier>
    </Filter>
    <Filter Include="Dependencies\Lib">
      <UniqueIdentifier>{d51af84c-3ed0-4410-ad19-8d69b2e5d2c6}</UniqueIdentifier>
    </Filter>
  </ItemGroup>
  <ItemGroup>
    <ClCompile Include="src\App.cpp">
      <Filter>src</Filter>
    </ClCompile>
    <ClCompile Include="src\Camera.cpp">
      <Filter>src</Filter>
    </ClCompile>
    <ClCompile Include="src\FPSCounter.cpp">
      <Filter>src</Filter>
    </ClCompile>
    <ClCompile Include="src\glm.cpp">
      <Filter>src</Filter>
    </ClCompile>
    <ClCompile Include="src\GLTexture.cpp">
      <Filter>src</Filter>
    </ClCompile>
    <ClCompile Include="src\Input.cpp">
      <Filter>src</Filter>
    </ClCompile>
    <ClCompile Include="src\MathUtils.cpp">
      <Filter>src</Filter>
    </ClCompile>
    <ClCompile Include="src\Model3DS.cpp">
      <Filter>src</Filter>
    </ClCompile>
    <ClCompile Include="src\Object.cpp">
      <Filter>src</Filter>
    </ClCompile>
    <ClCompile Include="src\ObjModel.cpp">
      <Filter>src</Filter>
    </ClCompile>
    <ClCompile Include="src\SkyBox.cpp">
      <Filter>src</Filter>
    </ClCompile>
    <ClCompile Include="src\TextureLoader.cpp">
      <Filter>src</Filter>
    </ClCompile>
    <ClCompile Include="src\TextWriter.cpp">
      <Filter>src</Filter>
    </ClCompile>
  </ItemGroup>
  <ItemGroup>
    <ClInclude Include="src\App.h">
      <Filter>src</Filter>
    </ClInclude>
    <ClInclude Include="src\Camera.h">
      <Filter>src</Filter>
    </ClInclude>
    <ClInclude Include="src\FPSCounter.h">
      <Filter>src</Filter>
    </ClInclude>
    <ClInclude Include="src\glm.h">
      <Filter>src</Filter>
    </ClInclude>
    <ClInclude Include="src\Globals.h">
      <Filter>src</Filter>
    </ClInclude>
    <ClInclude Include="src\GLTexture.h">
      <Filter>src</Filter>
    </ClInclude>
    <ClInclude Include="src\Input.h">
      <Filter>src</Filter>
    </ClInclude>
    <ClInclude Include="src\MathUtils.h">
      <Filter>src</Filter>
    </ClInclude>
    <ClInclude Include="src\Model3DS.h">
      <Filter>src</Filter>
    </ClInclude>
    <ClInclude Include="src\Object.h">
      <Filter>src</Filter>
    </ClInclude>
    <ClInclude Include="src\ObjModel.h">
      <Filter>src</Filter>
    </ClInclude>
    <ClInclude Include="src\SkyBox.h">
      <Filter>src</Filter>
    </ClInclude>
    <ClInclude Include="src\TextureLoader.h">
      <Filter>src</Filter>
    </ClInclude>
    <ClInclude Include="src\TextWriter.h">
      <Filter>src</Filter>
    </ClInclude>
    <ClInclude Include="..\Dependencies\include\gl\glaux.h">
      <Filter>Dependencies\Include\GL</Filter>
    </ClInclude>
    <ClInclude Include="..\Dependencies\include\gl\glew.h">
      <Filter>Dependencies\Include\GL</Filter>
    </ClInclude>
    <ClInclude Include="..\Dependencies\include\gl\glext.h">
      <Filter>Dependencies\Include\GL</Filter>
    </ClInclude>
    <ClInclude Include="..\Dependencies\include\gl\glut.h">
      <Filter>Dependencies\Include\GL</Filter>
    </ClInclude>
  </ItemGroup>
  <ItemGroup>
    <None Include="src\TextureLoader.htm">
      <Filter>src</Filter>
    </None>
    <None Include="..\..\Dependencies\bin\glew32.dll">
      <Filter>Dependencies\Bin</Filter>
    </None>
    <None Include="..\..\Dependencies\bin\glut32.dll">
      <Filter>Dependencies\Bin</Filter>
    </None>
    <None Include="..\..\Dependencies\lib\glut.def">
      <Filter>Dependencies\Lib</Filter>
    </None>
  </ItemGroup>
  <ItemGroup>
    <Library Include="..\..\Dependencies\lib\CGGL_Engine.lib">
      <Filter>Dependencies\Lib</Filter>
    </Library>
    <Library Include="..\..\Dependencies\lib\GlAux.Lib">
      <Filter>Dependencies\Lib</Filter>
    </Library>
    <Library Include="..\..\Dependencies\lib\glew32.lib">
      <Filter>Dependencies\Lib</Filter>
    </Library>
    <Library Include="..\..\Dependencies\lib\glut32.lib">
      <Filter>Dependencies\Lib</Filter>
    </Library>
  </ItemGroup>
</Project>